uuid: ba5af6b9-6d9f-47d4-95e1-254c4d7cfa77
langcode: en
status: true
dependencies:
  module:
    - commerce_order
_core:
  default_config_hash: ng8Uf3QSG-ylkOmr0Q3KTBqUh4rf0cswHb5W6Ca7tD4
id: commerce_order_unlock
label: 'Unlock order'
type: commerce_order
plugin: commerce_order_unlock
configuration: {  }
